
Microsoft Visual Studio Solution File, Format Version 12.00
# Visual Studio 2012
Project("{FAE04EC0-301F-11D3-BF4B-00C04F79EFBC}") = "ASC.Api.Web.Help", "web\ASC.Api.Web.Help.csproj", "{9B3A9A14-F4CC-4F01-9525-37C87880BA4B}"
EndProject
Global
	GlobalSection(SolutionConfigurationPlatforms) = preSolution
		Debug|Any CPU = Debug|Any CPU
		Info|Any CPU = Info|Any CPU
		COM|Any CPU = COM|Any CPU
	EndGlobalSection
	GlobalSection(ProjectConfigurationPlatforms) = postSolution
		{9B3A9A14-F4CC-4F01-9525-37C87880BA4B}.Debug|Any CPU.ActiveCfg = Debug|Any CPU
		{9B3A9A14-F4CC-4F01-9525-37C87880BA4B}.Debug|Any CPU.Build.0 = Debug|Any CPU
		{9B3A9A14-F4CC-4F01-9525-37C87880BA4B}.Info|Any CPU.ActiveCfg = Info|Any CPU
		{9B3A9A14-F4CC-4F01-9525-37C87880BA4B}.Info|Any CPU.Build.0 = Info|Any CPU
		{9B3A9A14-F4CC-4F01-9525-37C87880BA4B}.COM|Any CPU.ActiveCfg = COM|Any CPU
		{9B3A9A14-F4CC-4F01-9525-37C87880BA4B}.COM|Any CPU.Build.0 = COM|Any CPU
	EndGlobalSection
	GlobalSection(SolutionProperties) = preSolution
		HideSolutionNode = FALSE
	EndGlobalSection
EndGlobal
