
Microsoft Visual Studio Solution File, Format Version 12.00
# Visual Studio Version 17
VisualStudioVersion = 17.7.34202.233
MinimumVisualStudioVersion = 10.0.40219.1
Project("{FAE04EC0-301F-11D3-BF4B-00C04F79EFBC}") = "CommentingErrors", "CommentingErrors\CommentingErrors.csproj", "{F15BF50B-8945-4599-B6DA-F94A6542A299}"
EndProject
Global
	GlobalSection(SolutionConfigurationPlatforms) = preSolution
		Debug|Any CPU = Debug|Any CPU
		Release|Any CPU = Release|Any CPU
	EndGlobalSection
	GlobalSection(ProjectConfigurationPlatforms) = postSolution
		{F15BF50B-8945-4599-B6DA-F94A6542A299}.Debug|Any CPU.ActiveCfg = Debug|Any CPU
		{F15BF50B-8945-4599-B6DA-F94A6542A299}.Debug|Any CPU.Build.0 = Debug|Any CPU
		{F15BF50B-8945-4599-B6DA-F94A6542A299}.Release|Any CPU.ActiveCfg = Release|Any CPU
		{F15BF50B-8945-4599-B6DA-F94A6542A299}.Release|Any CPU.Build.0 = Release|Any CPU
	EndGlobalSection
	GlobalSection(SolutionProperties) = preSolution
		HideSolutionNode = FALSE
	EndGlobalSection
	GlobalSection(ExtensibilityGlobals) = postSolution
		SolutionGuid = {23DE71DC-A7EE-4157-97A3-3B7854C64099}
	EndGlobalSection
EndGlobal
