
Microsoft Visual Studio Solution File, Format Version 12.00
# Visual Studio Version 17
VisualStudioVersion = 17.7.34202.233
MinimumVisualStudioVersion = 10.0.40219.1
Project("{8BC9CEB8-8B4A-11D0-8D11-00A0C91BC942}") = "FillingSpreadsheet", "FillingSpreadsheet\FillingSpreadsheet.vcxproj", "{D70759FE-CFF4-4C53-8DED-C3CF0B9FDA25}"
EndProject
Global
	GlobalSection(SolutionConfigurationPlatforms) = preSolution
		Debug|x64 = Debug|x64
		Debug|x86 = Debug|x86
		Release|x64 = Release|x64
		Release|x86 = Release|x86
	EndGlobalSection
	GlobalSection(ProjectConfigurationPlatforms) = postSolution
		{D70759FE-CFF4-4C53-8DED-C3CF0B9FDA25}.Debug|x64.ActiveCfg = Debug|x64
		{D70759FE-CFF4-4C53-8DED-C3CF0B9FDA25}.Debug|x64.Build.0 = Debug|x64
		{D70759FE-CFF4-4C53-8DED-C3CF0B9FDA25}.Debug|x86.ActiveCfg = Debug|Win32
		{D70759FE-CFF4-4C53-8DED-C3CF0B9FDA25}.Debug|x86.Build.0 = Debug|Win32
		{D70759FE-CFF4-4C53-8DED-C3CF0B9FDA25}.Release|x64.ActiveCfg = Release|x64
		{D70759FE-CFF4-4C53-8DED-C3CF0B9FDA25}.Release|x64.Build.0 = Release|x64
		{D70759FE-CFF4-4C53-8DED-C3CF0B9FDA25}.Release|x86.ActiveCfg = Release|Win32
		{D70759FE-CFF4-4C53-8DED-C3CF0B9FDA25}.Release|x86.Build.0 = Release|Win32
	EndGlobalSection
	GlobalSection(SolutionProperties) = preSolution
		HideSolutionNode = FALSE
	EndGlobalSection
	GlobalSection(ExtensibilityGlobals) = postSolution
		SolutionGuid = {3175B6B3-A83E-41FC-9AC7-B9A12A82578E}
	EndGlobalSection
EndGlobal
