
Microsoft Visual Studio Solution File, Format Version 12.00
# Visual Studio Version 17
VisualStudioVersion = 17.7.34202.233
MinimumVisualStudioVersion = 10.0.40219.1
Project("{FAE04EC0-301F-11D3-BF4B-00C04F79EFBC}") = "FillingForm", "FillingForm\FillingForm.csproj", "{52C0A937-5845-4FCA-9016-DD51920B5602}"
EndProject
Global
	GlobalSection(SolutionConfigurationPlatforms) = preSolution
		Debug|Any CPU = Debug|Any CPU
		Release|Any CPU = Release|Any CPU
	EndGlobalSection
	GlobalSection(ProjectConfigurationPlatforms) = postSolution
		{52C0A937-5845-4FCA-9016-DD51920B5602}.Debug|Any CPU.ActiveCfg = Debug|Any CPU
		{52C0A937-5845-4FCA-9016-DD51920B5602}.Debug|Any CPU.Build.0 = Debug|Any CPU
		{52C0A937-5845-4FCA-9016-DD51920B5602}.Release|Any CPU.ActiveCfg = Release|Any CPU
		{52C0A937-5845-4FCA-9016-DD51920B5602}.Release|Any CPU.Build.0 = Release|Any CPU
	EndGlobalSection
	GlobalSection(SolutionProperties) = preSolution
		HideSolutionNode = FALSE
	EndGlobalSection
	GlobalSection(ExtensibilityGlobals) = postSolution
		SolutionGuid = {521899E8-1F47-4E76-9E49-B76D79227971}
	EndGlobalSection
EndGlobal
