
Microsoft Visual Studio Solution File, Format Version 12.00
# Visual Studio Version 17
VisualStudioVersion = 17.7.34202.233
MinimumVisualStudioVersion = 10.0.40219.1
Project("{FAE04EC0-301F-11D3-BF4B-00C04F79EFBC}") = "CreatingAdvancedForm", "CreatingAdvancedForm\CreatingAdvancedForm.csproj", "{A8DF3FE5-CC40-4E18-BC5B-1D0B47CACA2D}"
EndProject
Global
	GlobalSection(SolutionConfigurationPlatforms) = preSolution
		Debug|Any CPU = Debug|Any CPU
		Release|Any CPU = Release|Any CPU
	EndGlobalSection
	GlobalSection(ProjectConfigurationPlatforms) = postSolution
		{A8DF3FE5-CC40-4E18-BC5B-1D0B47CACA2D}.Debug|Any CPU.ActiveCfg = Debug|Any CPU
		{A8DF3FE5-CC40-4E18-BC5B-1D0B47CACA2D}.Debug|Any CPU.Build.0 = Debug|Any CPU
		{A8DF3FE5-CC40-4E18-BC5B-1D0B47CACA2D}.Release|Any CPU.ActiveCfg = Release|Any CPU
		{A8DF3FE5-CC40-4E18-BC5B-1D0B47CACA2D}.Release|Any CPU.Build.0 = Release|Any CPU
	EndGlobalSection
	GlobalSection(SolutionProperties) = preSolution
		HideSolutionNode = FALSE
	EndGlobalSection
	GlobalSection(ExtensibilityGlobals) = postSolution
		SolutionGuid = {7CFAABC6-CD9F-4C2F-A543-BB289D6D2A79}
	EndGlobalSection
EndGlobal
